// !$*UTF8*$!
{
	archiveVersion = 1;
	classes = {
	};
	objectVersion = 56;
	objects = {

/* Begin PBXBuildFile section */
		6BD8EABAF3836BAD5F5C9814 /* Pods_Buzzebees.framework in Frameworks */ = {isa = PBXBuildFile; fileRef = 076780F6253E3ACEF5C37AA2 /* Pods_Buzzebees.framework */; };
		CC825A3419E3968FD54C25A2 /* Pods_BuzzebeesTests.framework in Frameworks */ = {isa = PBXBuildFile; fileRef = 815985A06A07784B930D8B97 /* Pods_BuzzebeesTests.framework */; };
		CECA069BE62E81029B8C9C8B /* Pods_Buzzebees_BuzzebeesUITests.framework in Frameworks */ = {isa = PBXBuildFile; fileRef = E1857C9526D97BBE2E5BC173 /* Pods_Buzzebees_BuzzebeesUITests.framework */; };
		D90F2A342A5EA67D0081DBA8 /* PrivilegesViewController.swift in Sources */ = {isa = PBXBuildFile; fileRef = D90F2A322A5EA67D0081DBA8 /* PrivilegesViewController.swift */; };
		D90F2A372A5EA6960081DBA8 /* Privileges.storyboard in Resources */ = {isa = PBXBuildFile; fileRef = D90F2A362A5EA6960081DBA8 /* Privileges.storyboard */; };
		D90F2A392A5EA6A90081DBA8 /* MyCouponViewController.swift in Sources */ = {isa = PBXBuildFile; fileRef = D90F2A382A5EA6A90081DBA8 /* MyCouponViewController.swift */; };
		D90F2A3B2A5EA6C20081DBA8 /* MyCoupon.storyboard in Resources */ = {isa = PBXBuildFile; fileRef = D90F2A3A2A5EA6C20081DBA8 /* MyCoupon.storyboard */; };
		D90F2A3D2A5EA6DF0081DBA8 /* PromotionViewController.swift in Sources */ = {isa = PBXBuildFile; fileRef = D90F2A3C2A5EA6DF0081DBA8 /* PromotionViewController.swift */; };
		D90F2A3F2A5EA6EC0081DBA8 /* Promotion.storyboard in Resources */ = {isa = PBXBuildFile; fileRef = D90F2A3E2A5EA6EC0081DBA8 /* Promotion.storyboard */; };
		D90F2A412A5EA7000081DBA8 /* MoreViewController.swift in Sources */ = {isa = PBXBuildFile; fileRef = D90F2A402A5EA7000081DBA8 /* MoreViewController.swift */; };
		D90F2A432A5EA70D0081DBA8 /* More.storyboard in Resources */ = {isa = PBXBuildFile; fileRef = D90F2A422A5EA70D0081DBA8 /* More.storyboard */; };
		D9282D312A602B640053AAF1 /* PictureCollectionViewCell.swift in Sources */ = {isa = PBXBuildFile; fileRef = D9282D2F2A602B640053AAF1 /* PictureCollectionViewCell.swift */; };
		D9282D322A602B640053AAF1 /* PictureCollectionViewCell.xib in Resources */ = {isa = PBXBuildFile; fileRef = D9282D302A602B640053AAF1 /* PictureCollectionViewCell.xib */; };
		D93603012A5E8528003B74A1 /* AppDelegate.swift in Sources */ = {isa = PBXBuildFile; fileRef = D93603002A5E8528003B74A1 /* AppDelegate.swift */; };
		D93603032A5E8528003B74A1 /* SceneDelegate.swift in Sources */ = {isa = PBXBuildFile; fileRef = D93603022A5E8528003B74A1 /* SceneDelegate.swift */; };
		D93603052A5E8528003B74A1 /* ViewController.swift in Sources */ = {isa = PBXBuildFile; fileRef = D93603042A5E8528003B74A1 /* ViewController.swift */; };
		D93603082A5E8528003B74A1 /* Main.storyboard in Resources */ = {isa = PBXBuildFile; fileRef = D93603062A5E8528003B74A1 /* Main.storyboard */; };
		D936030A2A5E852A003B74A1 /* Assets.xcassets in Resources */ = {isa = PBXBuildFile; fileRef = D93603092A5E852A003B74A1 /* Assets.xcassets */; };
		D936030D2A5E852A003B74A1 /* LaunchScreen.storyboard in Resources */ = {isa = PBXBuildFile; fileRef = D936030B2A5E852A003B74A1 /* LaunchScreen.storyboard */; };
		D93603182A5E852A003B74A1 /* BuzzebeesTests.swift in Sources */ = {isa = PBXBuildFile; fileRef = D93603172A5E852A003B74A1 /* BuzzebeesTests.swift */; };
		D93603222A5E852A003B74A1 /* BuzzebeesUITests.swift in Sources */ = {isa = PBXBuildFile; fileRef = D93603212A5E852A003B74A1 /* BuzzebeesUITests.swift */; };
		D93603242A5E852A003B74A1 /* BuzzebeesUITestsLaunchTests.swift in Sources */ = {isa = PBXBuildFile; fileRef = D93603232A5E852A003B74A1 /* BuzzebeesUITestsLaunchTests.swift */; };
		D936033B2A5E8D4E003B74A1 /* DateFormatComponent.swift in Sources */ = {isa = PBXBuildFile; fileRef = D93603322A5E8D4E003B74A1 /* DateFormatComponent.swift */; };
		D936033C2A5E8D4E003B74A1 /* UIStackView.swift in Sources */ = {isa = PBXBuildFile; fileRef = D93603332A5E8D4E003B74A1 /* UIStackView.swift */; };
		D936033D2A5E8D4E003B74A1 /* ViewExtension.swift in Sources */ = {isa = PBXBuildFile; fileRef = D93603342A5E8D4E003B74A1 /* ViewExtension.swift */; };
		D936033E2A5E8D4E003B74A1 /* UITableView.swift in Sources */ = {isa = PBXBuildFile; fileRef = D93603352A5E8D4E003B74A1 /* UITableView.swift */; };
		D936033F2A5E8D4E003B74A1 /* UITableViewCell.swift in Sources */ = {isa = PBXBuildFile; fileRef = D93603362A5E8D4E003B74A1 /* UITableViewCell.swift */; };
		D93603402A5E8D4E003B74A1 /* UIButton.swift in Sources */ = {isa = PBXBuildFile; fileRef = D93603372A5E8D4E003B74A1 /* UIButton.swift */; };
		D93603412A5E8D4E003B74A1 /* UIImageView.swift in Sources */ = {isa = PBXBuildFile; fileRef = D93603382A5E8D4E003B74A1 /* UIImageView.swift */; };
		D93603422A5E8D4E003B74A1 /* Generics.swift in Sources */ = {isa = PBXBuildFile; fileRef = D93603392A5E8D4E003B74A1 /* Generics.swift */; };
		D93603432A5E8D4E003B74A1 /* UINavigationController.swift in Sources */ = {isa = PBXBuildFile; fileRef = D936033A2A5E8D4E003B74A1 /* UINavigationController.swift */; };
		D936034E2A5E8D60003B74A1 /* MoyaService.swift in Sources */ = {isa = PBXBuildFile; fileRef = D93603452A5E8D60003B74A1 /* MoyaService.swift */; };
		D936034F2A5E8D60003B74A1 /* ForecastData.swift in Sources */ = {isa = PBXBuildFile; fileRef = D93603482A5E8D60003B74A1 /* ForecastData.swift */; };
		D93603502A5E8D60003B74A1 /* TargetType.swift in Sources */ = {isa = PBXBuildFile; fileRef = D93603492A5E8D60003B74A1 /* TargetType.swift */; };
		D93603512A5E8D60003B74A1 /* WaterTargetType.swift in Sources */ = {isa = PBXBuildFile; fileRef = D936034B2A5E8D60003B74A1 /* WaterTargetType.swift */; };
		D93603522A5E8D60003B74A1 /* WeatherData.swift in Sources */ = {isa = PBXBuildFile; fileRef = D936034C2A5E8D60003B74A1 /* WeatherData.swift */; };
		D93603582A5E8DC1003B74A1 /* HomeViewController.swift in Sources */ = {isa = PBXBuildFile; fileRef = D93603572A5E8DC1003B74A1 /* HomeViewController.swift */; };
		D936035A2A5E8DC8003B74A1 /* Home.storyboard in Resources */ = {isa = PBXBuildFile; fileRef = D93603592A5E8DC8003B74A1 /* Home.storyboard */; };
		D936035D2A5E92D5003B74A1 /* MainTabBarViewController.swift in Sources */ = {isa = PBXBuildFile; fileRef = D936035C2A5E92D5003B74A1 /* MainTabBarViewController.swift */; };
		D986CB022A5EF6AD008009AC /* HomeViewModel.swift in Sources */ = {isa = PBXBuildFile; fileRef = D986CB012A5EF6AD008009AC /* HomeViewModel.swift */; };
		D989880F2A5FA96B00CB00BB /* SignInTableViewCell.swift in Sources */ = {isa = PBXBuildFile; fileRef = D989880D2A5FA96B00CB00BB /* SignInTableViewCell.swift */; };
		D98988102A5FA96B00CB00BB /* SignInTableViewCell.xib in Resources */ = {isa = PBXBuildFile; fileRef = D989880E2A5FA96B00CB00BB /* SignInTableViewCell.xib */; };
		D98988132A5FB86A00CB00BB /* NewsAndPromotionTableViewCell.swift in Sources */ = {isa = PBXBuildFile; fileRef = D98988112A5FB86A00CB00BB /* NewsAndPromotionTableViewCell.swift */; };
		D98988142A5FB86A00CB00BB /* NewsAndPromotionTableViewCell.xib in Resources */ = {isa = PBXBuildFile; fileRef = D98988122A5FB86A00CB00BB /* NewsAndPromotionTableViewCell.xib */; };
		D98988272A5FCA0100CB00BB /* InfoHomeResponse.swift in Sources */ = {isa = PBXBuildFile; fileRef = D98988262A5FCA0100CB00BB /* InfoHomeResponse.swift */; };
		D98988292A5FCC8F00CB00BB /* InfoHomeTargetType.swift in Sources */ = {isa = PBXBuildFile; fileRef = D98988282A5FCC8F00CB00BB /* InfoHomeTargetType.swift */; };
		D9C79C882A602D99002F6D62 /* UICollectionView+RegisterCell.swift in Sources */ = {isa = PBXBuildFile; fileRef = D9C79C872A602D99002F6D62 /* UICollectionView+RegisterCell.swift */; };
		D9C79C8F2A6038BA002F6D62 /* BannerTableViewCell.swift in Sources */ = {isa = PBXBuildFile; fileRef = D9C79C8D2A6038BA002F6D62 /* BannerTableViewCell.swift */; };
		D9C79C902A6038BA002F6D62 /* BannerTableViewCell.xib in Resources */ = {isa = PBXBuildFile; fileRef = D9C79C8E2A6038BA002F6D62 /* BannerTableViewCell.xib */; };
		D9CDC9D92A5E9EE1006F9A63 /* MainTabBar.storyboard in Resources */ = {isa = PBXBuildFile; fileRef = D9CDC9D82A5E9EE1006F9A63 /* MainTabBar.storyboard */; };
/* End PBXBuildFile section */

/* Begin PBXContainerItemProxy section */
		D93603142A5E852A003B74A1 /* PBXContainerItemProxy */ = {
			isa = PBXContainerItemProxy;
			containerPortal = D93602F52A5E8528003B74A1 /* Project object */;
			proxyType = 1;
			remoteGlobalIDString = D93602FC2A5E8528003B74A1;
			remoteInfo = Buzzebees;
		};
		D936031E2A5E852A003B74A1 /* PBXContainerItemProxy */ = {
			isa = PBXContainerItemProxy;
			containerPortal = D93602F52A5E8528003B74A1 /* Project object */;
			proxyType = 1;
			remoteGlobalIDString = D93602FC2A5E8528003B74A1;
			remoteInfo = Buzzebees;
		};
/* End PBXContainerItemProxy section */

/* Begin PBXFileReference section */
		0169FE427C790FB8FA55C0E1 /* Pods-BuzzebeesTests.release.xcconfig */ = {isa = PBXFileReference; includeInIndex = 1; lastKnownFileType = text.xcconfig; name = "Pods-BuzzebeesTests.release.xcconfig"; path = "Target Support Files/Pods-BuzzebeesTests/Pods-BuzzebeesTests.release.xcconfig"; sourceTree = "<group>"; };
		02F52B2EC0890C468AF28EB1 /* Pods-Buzzebees.release.xcconfig */ = {isa = PBXFileReference; includeInIndex = 1; lastKnownFileType = text.xcconfig; name = "Pods-Buzzebees.release.xcconfig"; path = "Target Support Files/Pods-Buzzebees/Pods-Buzzebees.release.xcconfig"; sourceTree = "<group>"; };
		0413D31C67BC6617F5E4A8C1 /* Pods-BuzzebeesTests.debug.xcconfig */ = {isa = PBXFileReference; includeInIndex = 1; lastKnownFileType = text.xcconfig; name = "Pods-BuzzebeesTests.debug.xcconfig"; path = "Target Support Files/Pods-BuzzebeesTests/Pods-BuzzebeesTests.debug.xcconfig"; sourceTree = "<group>"; };
		076780F6253E3ACEF5C37AA2 /* Pods_Buzzebees.framework */ = {isa = PBXFileReference; explicitFileType = wrapper.framework; includeInIndex = 0; path = Pods_Buzzebees.framework; sourceTree = BUILT_PRODUCTS_DIR; };
		442F700EFAF28C3CE013CF8B /* Pods-Buzzebees-BuzzebeesUITests.release.xcconfig */ = {isa = PBXFileReference; includeInIndex = 1; lastKnownFileType = text.xcconfig; name = "Pods-Buzzebees-BuzzebeesUITests.release.xcconfig"; path = "Target Support Files/Pods-Buzzebees-BuzzebeesUITests/Pods-Buzzebees-BuzzebeesUITests.release.xcconfig"; sourceTree = "<group>"; };
		4A19B59FBD272B9FC36F505C /* Pods-Buzzebees-BuzzebeesUITests.debug.xcconfig */ = {isa = PBXFileReference; includeInIndex = 1; lastKnownFileType = text.xcconfig; name = "Pods-Buzzebees-BuzzebeesUITests.debug.xcconfig"; path = "Target Support Files/Pods-Buzzebees-BuzzebeesUITests/Pods-Buzzebees-BuzzebeesUITests.debug.xcconfig"; sourceTree = "<group>"; };
		815985A06A07784B930D8B97 /* Pods_BuzzebeesTests.framework */ = {isa = PBXFileReference; explicitFileType = wrapper.framework; includeInIndex = 0; path = Pods_BuzzebeesTests.framework; sourceTree = BUILT_PRODUCTS_DIR; };
		9AA92B8A11D89AEC34EFAB8D /* Pods-Buzzebees.debug.xcconfig */ = {isa = PBXFileReference; includeInIndex = 1; lastKnownFileType = text.xcconfig; name = "Pods-Buzzebees.debug.xcconfig"; path = "Target Support Files/Pods-Buzzebees/Pods-Buzzebees.debug.xcconfig"; sourceTree = "<group>"; };
		D90F2A322A5EA67D0081DBA8 /* PrivilegesViewController.swift */ = {isa = PBXFileReference; lastKnownFileType = sourcecode.swift; path = PrivilegesViewController.swift; sourceTree = "<group>"; };
		D90F2A362A5EA6960081DBA8 /* Privileges.storyboard */ = {isa = PBXFileReference; lastKnownFileType = file.storyboard; path = Privileges.storyboard; sourceTree = "<group>"; };
		D90F2A382A5EA6A90081DBA8 /* MyCouponViewController.swift */ = {isa = PBXFileReference; lastKnownFileType = sourcecode.swift; path = MyCouponViewController.swift; sourceTree = "<group>"; };
		D90F2A3A2A5EA6C20081DBA8 /* MyCoupon.storyboard */ = {isa = PBXFileReference; lastKnownFileType = file.storyboard; path = MyCoupon.storyboard; sourceTree = "<group>"; };
		D90F2A3C2A5EA6DF0081DBA8 /* PromotionViewController.swift */ = {isa = PBXFileReference; lastKnownFileType = sourcecode.swift; path = PromotionViewController.swift; sourceTree = "<group>"; };
		D90F2A3E2A5EA6EC0081DBA8 /* Promotion.storyboard */ = {isa = PBXFileReference; lastKnownFileType = file.storyboard; path = Promotion.storyboard; sourceTree = "<group>"; };
		D90F2A402A5EA7000081DBA8 /* MoreViewController.swift */ = {isa = PBXFileReference; lastKnownFileType = sourcecode.swift; path = MoreViewController.swift; sourceTree = "<group>"; };
		D90F2A422A5EA70D0081DBA8 /* More.storyboard */ = {isa = PBXFileReference; lastKnownFileType = file.storyboard; path = More.storyboard; sourceTree = "<group>"; };
		D9282D2F2A602B640053AAF1 /* PictureCollectionViewCell.swift */ = {isa = PBXFileReference; lastKnownFileType = sourcecode.swift; path = PictureCollectionViewCell.swift; sourceTree = "<group>"; };
		D9282D302A602B640053AAF1 /* PictureCollectionViewCell.xib */ = {isa = PBXFileReference; lastKnownFileType = file.xib; path = PictureCollectionViewCell.xib; sourceTree = "<group>"; };
		D93602FD2A5E8528003B74A1 /* Buzzebees.app */ = {isa = PBXFileReference; explicitFileType = wrapper.application; includeInIndex = 0; path = Buzzebees.app; sourceTree = BUILT_PRODUCTS_DIR; };
		D93603002A5E8528003B74A1 /* AppDelegate.swift */ = {isa = PBXFileReference; lastKnownFileType = sourcecode.swift; path = AppDelegate.swift; sourceTree = "<group>"; };
		D93603022A5E8528003B74A1 /* SceneDelegate.swift */ = {isa = PBXFileReference; lastKnownFileType = sourcecode.swift; path = SceneDelegate.swift; sourceTree = "<group>"; };
		D93603042A5E8528003B74A1 /* ViewController.swift */ = {isa = PBXFileReference; lastKnownFileType = sourcecode.swift; path = ViewController.swift; sourceTree = "<group>"; };
		D93603072A5E8528003B74A1 /* Base */ = {isa = PBXFileReference; lastKnownFileType = file.storyboard; name = Base; path = Base.lproj/Main.storyboard; sourceTree = "<group>"; };
		D93603092A5E852A003B74A1 /* Assets.xcassets */ = {isa = PBXFileReference; lastKnownFileType = folder.assetcatalog; path = Assets.xcassets; sourceTree = "<group>"; };
		D936030C2A5E852A003B74A1 /* Base */ = {isa = PBXFileReference; lastKnownFileType = file.storyboard; name = Base; path = Base.lproj/LaunchScreen.storyboard; sourceTree = "<group>"; };
		D936030E2A5E852A003B74A1 /* Info.plist */ = {isa = PBXFileReference; lastKnownFileType = text.plist.xml; path = Info.plist; sourceTree = "<group>"; };
		D93603132A5E852A003B74A1 /* BuzzebeesTests.xctest */ = {isa = PBXFileReference; explicitFileType = wrapper.cfbundle; includeInIndex = 0; path = BuzzebeesTests.xctest; sourceTree = BUILT_PRODUCTS_DIR; };
		D93603172A5E852A003B74A1 /* BuzzebeesTests.swift */ = {isa = PBXFileReference; lastKnownFileType = sourcecode.swift; path = BuzzebeesTests.swift; sourceTree = "<group>"; };
		D936031D2A5E852A003B74A1 /* BuzzebeesUITests.xctest */ = {isa = PBXFileReference; explicitFileType = wrapper.cfbundle; includeInIndex = 0; path = BuzzebeesUITests.xctest; sourceTree = BUILT_PRODUCTS_DIR; };
		D93603212A5E852A003B74A1 /* BuzzebeesUITests.swift */ = {isa = PBXFileReference; lastKnownFileType = sourcecode.swift; path = BuzzebeesUITests.swift; sourceTree = "<group>"; };
		D93603232A5E852A003B74A1 /* BuzzebeesUITestsLaunchTests.swift */ = {isa = PBXFileReference; lastKnownFileType = sourcecode.swift; path = BuzzebeesUITestsLaunchTests.swift; sourceTree = "<group>"; };
		D93603322A5E8D4E003B74A1 /* DateFormatComponent.swift */ = {isa = PBXFileReference; fileEncoding = 4; lastKnownFileType = sourcecode.swift; path = DateFormatComponent.swift; sourceTree = "<group>"; };
		D93603332A5E8D4E003B74A1 /* UIStackView.swift */ = {isa = PBXFileReference; fileEncoding = 4; lastKnownFileType = sourcecode.swift; path = UIStackView.swift; sourceTree = "<group>"; };
		D93603342A5E8D4E003B74A1 /* ViewExtension.swift */ = {isa = PBXFileReference; fileEncoding = 4; lastKnownFileType = sourcecode.swift; path = ViewExtension.swift; sourceTree = "<group>"; };
		D93603352A5E8D4E003B74A1 /* UITableView.swift */ = {isa = PBXFileReference; fileEncoding = 4; lastKnownFileType = sourcecode.swift; path = UITableView.swift; sourceTree = "<group>"; };
		D93603362A5E8D4E003B74A1 /* UITableViewCell.swift */ = {isa = PBXFileReference; fileEncoding = 4; lastKnownFileType = sourcecode.swift; path = UITableViewCell.swift; sourceTree = "<group>"; };
		D93603372A5E8D4E003B74A1 /* UIButton.swift */ = {isa = PBXFileReference; fileEncoding = 4; lastKnownFileType = sourcecode.swift; path = UIButton.swift; sourceTree = "<group>"; };
		D93603382A5E8D4E003B74A1 /* UIImageView.swift */ = {isa = PBXFileReference; fileEncoding = 4; lastKnownFileType = sourcecode.swift; path = UIImageView.swift; sourceTree = "<group>"; };
		D93603392A5E8D4E003B74A1 /* Generics.swift */ = {isa = PBXFileReference; fileEncoding = 4; lastKnownFileType = sourcecode.swift; path = Generics.swift; sourceTree = "<group>"; };
		D936033A2A5E8D4E003B74A1 /* UINavigationController.swift */ = {isa = PBXFileReference; fileEncoding = 4; lastKnownFileType = sourcecode.swift; path = UINavigationController.swift; sourceTree = "<group>"; };
		D93603452A5E8D60003B74A1 /* MoyaService.swift */ = {isa = PBXFileReference; fileEncoding = 4; lastKnownFileType = sourcecode.swift; path = MoyaService.swift; sourceTree = "<group>"; };
		D93603482A5E8D60003B74A1 /* ForecastData.swift */ = {isa = PBXFileReference; fileEncoding = 4; lastKnownFileType = sourcecode.swift; path = ForecastData.swift; sourceTree = "<group>"; };
		D93603492A5E8D60003B74A1 /* TargetType.swift */ = {isa = PBXFileReference; fileEncoding = 4; lastKnownFileType = sourcecode.swift; path = TargetType.swift; sourceTree = "<group>"; };
		D936034B2A5E8D60003B74A1 /* WaterTargetType.swift */ = {isa = PBXFileReference; fileEncoding = 4; lastKnownFileType = sourcecode.swift; path = WaterTargetType.swift; sourceTree = "<group>"; };
		D936034C2A5E8D60003B74A1 /* WeatherData.swift */ = {isa = PBXFileReference; fileEncoding = 4; lastKnownFileType = sourcecode.swift; path = WeatherData.swift; sourceTree = "<group>"; };
		D93603572A5E8DC1003B74A1 /* HomeViewController.swift */ = {isa = PBXFileReference; lastKnownFileType = sourcecode.swift; path = HomeViewController.swift; sourceTree = "<group>"; };
		D93603592A5E8DC8003B74A1 /* Home.storyboard */ = {isa = PBXFileReference; lastKnownFileType = file.storyboard; path = Home.storyboard; sourceTree = "<group>"; };
		D936035C2A5E92D5003B74A1 /* MainTabBarViewController.swift */ = {isa = PBXFileReference; lastKnownFileType = sourcecode.swift; path = MainTabBarViewController.swift; sourceTree = "<group>"; };
		D986CB012A5EF6AD008009AC /* HomeViewModel.swift */ = {isa = PBXFileReference; lastKnownFileType = sourcecode.swift; path = HomeViewModel.swift; sourceTree = "<group>"; };
		D989880D2A5FA96B00CB00BB /* SignInTableViewCell.swift */ = {isa = PBXFileReference; lastKnownFileType = sourcecode.swift; path = SignInTableViewCell.swift; sourceTree = "<group>"; };
		D989880E2A5FA96B00CB00BB /* SignInTableViewCell.xib */ = {isa = PBXFileReference; lastKnownFileType = file.xib; path = SignInTableViewCell.xib; sourceTree = "<group>"; };
		D98988112A5FB86A00CB00BB /* NewsAndPromotionTableViewCell.swift */ = {isa = PBXFileReference; lastKnownFileType = sourcecode.swift; path = NewsAndPromotionTableViewCell.swift; sourceTree = "<group>"; };
		D98988122A5FB86A00CB00BB /* NewsAndPromotionTableViewCell.xib */ = {isa = PBXFileReference; lastKnownFileType = file.xib; path = NewsAndPromotionTableViewCell.xib; sourceTree = "<group>"; };
		D98988262A5FCA0100CB00BB /* InfoHomeResponse.swift */ = {isa = PBXFileReference; lastKnownFileType = sourcecode.swift; path = InfoHomeResponse.swift; sourceTree = "<group>"; };
		D98988282A5FCC8F00CB00BB /* InfoHomeTargetType.swift */ = {isa = PBXFileReference; lastKnownFileType = sourcecode.swift; path = InfoHomeTargetType.swift; sourceTree = "<group>"; };
		D9C79C872A602D99002F6D62 /* UICollectionView+RegisterCell.swift */ = {isa = PBXFileReference; fileEncoding = 4; lastKnownFileType = sourcecode.swift; path = "UICollectionView+RegisterCell.swift"; sourceTree = "<group>"; };
		D9C79C8D2A6038BA002F6D62 /* BannerTableViewCell.swift */ = {isa = PBXFileReference; lastKnownFileType = sourcecode.swift; path = BannerTableViewCell.swift; sourceTree = "<group>"; };
		D9C79C8E2A6038BA002F6D62 /* BannerTableViewCell.xib */ = {isa = PBXFileReference; lastKnownFileType = file.xib; path = BannerTableViewCell.xib; sourceTree = "<group>"; };
		D9CDC9D82A5E9EE1006F9A63 /* MainTabBar.storyboard */ = {isa = PBXFileReference; lastKnownFileType = file.storyboard; path = MainTabBar.storyboard; sourceTree = "<group>"; };
		E1857C9526D97BBE2E5BC173 /* Pods_Buzzebees_BuzzebeesUITests.framework */ = {isa = PBXFileReference; explicitFileType = wrapper.framework; includeInIndex = 0; path = Pods_Buzzebees_BuzzebeesUITests.framework; sourceTree = BUILT_PRODUCTS_DIR; };
/* End PBXFileReference section */

/* Begin PBXFrameworksBuildPhase section */
		D93602FA2A5E8528003B74A1 /* Frameworks */ = {
			isa = PBXFrameworksBuildPhase;
			buildActionMask = 2147483647;
			files = (
				6BD8EABAF3836BAD5F5C9814 /* Pods_Buzzebees.framework in Frameworks */,
			);
			runOnlyForDeploymentPostprocessing = 0;
		};
		D93603102A5E852A003B74A1 /* Frameworks */ = {
			isa = PBXFrameworksBuildPhase;
			buildActionMask = 2147483647;
			files = (
				CC825A3419E3968FD54C25A2 /* Pods_BuzzebeesTests.framework in Frameworks */,
			);
			runOnlyForDeploymentPostprocessing = 0;
		};
		D936031A2A5E852A003B74A1 /* Frameworks */ = {
			isa = PBXFrameworksBuildPhase;
			buildActionMask = 2147483647;
			files = (
				CECA069BE62E81029B8C9C8B /* Pods_Buzzebees_BuzzebeesUITests.framework in Frameworks */,
			);
			runOnlyForDeploymentPostprocessing = 0;
		};
/* End PBXFrameworksBuildPhase section */

/* Begin PBXGroup section */
		9AA978CAE576ADA140DD742F /* Frameworks */ = {
			isa = PBXGroup;
			children = (
				076780F6253E3ACEF5C37AA2 /* Pods_Buzzebees.framework */,
				E1857C9526D97BBE2E5BC173 /* Pods_Buzzebees_BuzzebeesUITests.framework */,
				815985A06A07784B930D8B97 /* Pods_BuzzebeesTests.framework */,
			);
			name = Frameworks;
			sourceTree = "<group>";
		};
		C3BA65025F080810BF225EFC /* Pods */ = {
			isa = PBXGroup;
			children = (
				9AA92B8A11D89AEC34EFAB8D /* Pods-Buzzebees.debug.xcconfig */,
				02F52B2EC0890C468AF28EB1 /* Pods-Buzzebees.release.xcconfig */,
				4A19B59FBD272B9FC36F505C /* Pods-Buzzebees-BuzzebeesUITests.debug.xcconfig */,
				442F700EFAF28C3CE013CF8B /* Pods-Buzzebees-BuzzebeesUITests.release.xcconfig */,
				0413D31C67BC6617F5E4A8C1 /* Pods-BuzzebeesTests.debug.xcconfig */,
				0169FE427C790FB8FA55C0E1 /* Pods-BuzzebeesTests.release.xcconfig */,
			);
			path = Pods;
			sourceTree = "<group>";
		};
		D90F2A2E2A5EA5D20081DBA8 /* Privileges */ = {
			isa = PBXGroup;
			children = (
				D90F2A322A5EA67D0081DBA8 /* PrivilegesViewController.swift */,
				D90F2A362A5EA6960081DBA8 /* Privileges.storyboard */,
			);
			path = Privileges;
			sourceTree = "<group>";
		};
		D90F2A2F2A5EA5E10081DBA8 /* MyCoupon */ = {
			isa = PBXGroup;
			children = (
				D90F2A382A5EA6A90081DBA8 /* MyCouponViewController.swift */,
				D90F2A3A2A5EA6C20081DBA8 /* MyCoupon.storyboard */,
			);
			path = MyCoupon;
			sourceTree = "<group>";
		};
		D90F2A302A5EA5ED0081DBA8 /* Promotion */ = {
			isa = PBXGroup;
			children = (
				D90F2A3C2A5EA6DF0081DBA8 /* PromotionViewController.swift */,
				D90F2A3E2A5EA6EC0081DBA8 /* Promotion.storyboard */,
			);
			path = Promotion;
			sourceTree = "<group>";
		};
		D90F2A312A5EA6000081DBA8 /* More */ = {
			isa = PBXGroup;
			children = (
				D90F2A402A5EA7000081DBA8 /* MoreViewController.swift */,
				D90F2A422A5EA70D0081DBA8 /* More.storyboard */,
			);
			path = More;
			sourceTree = "<group>";
		};
		D9282D2A2A602B170053AAF1 /* CollectionViewCells */ = {
			isa = PBXGroup;
			children = (
				D9282D2F2A602B640053AAF1 /* PictureCollectionViewCell.swift */,
				D9282D302A602B640053AAF1 /* PictureCollectionViewCell.xib */,
			);
			path = CollectionViewCells;
			sourceTree = "<group>";
		};
		D93602F42A5E8528003B74A1 = {
			isa = PBXGroup;
			children = (
				D93602FF2A5E8528003B74A1 /* Buzzebees */,
				D93603162A5E852A003B74A1 /* BuzzebeesTests */,
				D93603202A5E852A003B74A1 /* BuzzebeesUITests */,
				D93602FE2A5E8528003B74A1 /* Products */,
				C3BA65025F080810BF225EFC /* Pods */,
				9AA978CAE576ADA140DD742F /* Frameworks */,
			);
			sourceTree = "<group>";
		};
		D93602FE2A5E8528003B74A1 /* Products */ = {
			isa = PBXGroup;
			children = (
				D93602FD2A5E8528003B74A1 /* Buzzebees.app */,
				D93603132A5E852A003B74A1 /* BuzzebeesTests.xctest */,
				D936031D2A5E852A003B74A1 /* BuzzebeesUITests.xctest */,
			);
			name = Products;
			sourceTree = "<group>";
		};
		D93602FF2A5E8528003B74A1 /* Buzzebees */ = {
			isa = PBXGroup;
			children = (
				D93603302A5E8D17003B74A1 /* Modules */,
				D93603442A5E8D60003B74A1 /* Service */,
				D93603312A5E8D4E003B74A1 /* Extension */,
				D93603002A5E8528003B74A1 /* AppDelegate.swift */,
				D93603022A5E8528003B74A1 /* SceneDelegate.swift */,
				D93603042A5E8528003B74A1 /* ViewController.swift */,
				D93603062A5E8528003B74A1 /* Main.storyboard */,
				D93603092A5E852A003B74A1 /* Assets.xcassets */,
				D936030B2A5E852A003B74A1 /* LaunchScreen.storyboard */,
				D936030E2A5E852A003B74A1 /* Info.plist */,
			);
			path = Buzzebees;
			sourceTree = "<group>";
		};
		D93603162A5E852A003B74A1 /* BuzzebeesTests */ = {
			isa = PBXGroup;
			children = (
				D93603172A5E852A003B74A1 /* BuzzebeesTests.swift */,
			);
			path = BuzzebeesTests;
			sourceTree = "<group>";
		};
		D93603202A5E852A003B74A1 /* BuzzebeesUITests */ = {
			isa = PBXGroup;
			children = (
				D93603212A5E852A003B74A1 /* BuzzebeesUITests.swift */,
				D93603232A5E852A003B74A1 /* BuzzebeesUITestsLaunchTests.swift */,
			);
			path = BuzzebeesUITests;
			sourceTree = "<group>";
		};
		D93603302A5E8D17003B74A1 /* Modules */ = {
			isa = PBXGroup;
			children = (
				D90F2A312A5EA6000081DBA8 /* More */,
				D90F2A302A5EA5ED0081DBA8 /* Promotion */,
				D90F2A2F2A5EA5E10081DBA8 /* MyCoupon */,
				D90F2A2E2A5EA5D20081DBA8 /* Privileges */,
				D936035B2A5E9292003B74A1 /* MainTabBar */,
				D93603542A5E8D8E003B74A1 /* Home */,
			);
			path = Modules;
			sourceTree = "<group>";
		};
		D93603312A5E8D4E003B74A1 /* Extension */ = {
			isa = PBXGroup;
			children = (
				D9C79C872A602D99002F6D62 /* UICollectionView+RegisterCell.swift */,
				D93603322A5E8D4E003B74A1 /* DateFormatComponent.swift */,
				D93603332A5E8D4E003B74A1 /* UIStackView.swift */,
				D93603342A5E8D4E003B74A1 /* ViewExtension.swift */,
				D93603352A5E8D4E003B74A1 /* UITableView.swift */,
				D93603362A5E8D4E003B74A1 /* UITableViewCell.swift */,
				D93603372A5E8D4E003B74A1 /* UIButton.swift */,
				D93603382A5E8D4E003B74A1 /* UIImageView.swift */,
				D93603392A5E8D4E003B74A1 /* Generics.swift */,
				D936033A2A5E8D4E003B74A1 /* UINavigationController.swift */,
			);
			path = Extension;
			sourceTree = "<group>";
		};
		D93603442A5E8D60003B74A1 /* Service */ = {
			isa = PBXGroup;
			children = (
				D93603452A5E8D60003B74A1 /* MoyaService.swift */,
				D93603462A5E8D60003B74A1 /* Target */,
			);
			path = Service;
			sourceTree = "<group>";
		};
		D93603462A5E8D60003B74A1 /* Target */ = {
			isa = PBXGroup;
			children = (
				D98988252A5FC99B00CB00BB /* InfoHome */,
				D93603472A5E8D60003B74A1 /* Forecast */,
				D93603492A5E8D60003B74A1 /* TargetType.swift */,
				D936034A2A5E8D60003B74A1 /* Weather */,
			);
			path = Target;
			sourceTree = "<group>";
		};
		D93603472A5E8D60003B74A1 /* Forecast */ = {
			isa = PBXGroup;
			children = (
				D93603482A5E8D60003B74A1 /* ForecastData.swift */,
			);
			path = Forecast;
			sourceTree = "<group>";
		};
		D936034A2A5E8D60003B74A1 /* Weather */ = {
			isa = PBXGroup;
			children = (
				D936034B2A5E8D60003B74A1 /* WaterTargetType.swift */,
				D936034C2A5E8D60003B74A1 /* WeatherData.swift */,
			);
			path = Weather;
			sourceTree = "<group>";
		};
		D93603542A5E8D8E003B74A1 /* Home */ = {
			isa = PBXGroup;
			children = (
				D9282D2A2A602B170053AAF1 /* CollectionViewCells */,
				D986CB002A5EF623008009AC /* TableViewCells */,
				D93603572A5E8DC1003B74A1 /* HomeViewController.swift */,
				D986CB012A5EF6AD008009AC /* HomeViewModel.swift */,
				D93603592A5E8DC8003B74A1 /* Home.storyboard */,
			);
			path = Home;
			sourceTree = "<group>";
		};
		D936035B2A5E9292003B74A1 /* MainTabBar */ = {
			isa = PBXGroup;
			children = (
				D936035C2A5E92D5003B74A1 /* MainTabBarViewController.swift */,
				D9CDC9D82A5E9EE1006F9A63 /* MainTabBar.storyboard */,
			);
			path = MainTabBar;
			sourceTree = "<group>";
		};
		D986CB002A5EF623008009AC /* TableViewCells */ = {
			isa = PBXGroup;
			children = (
				D989880D2A5FA96B00CB00BB /* SignInTableViewCell.swift */,
				D989880E2A5FA96B00CB00BB /* SignInTableViewCell.xib */,
				D98988112A5FB86A00CB00BB /* NewsAndPromotionTableViewCell.swift */,
				D98988122A5FB86A00CB00BB /* NewsAndPromotionTableViewCell.xib */,
				D9C79C8D2A6038BA002F6D62 /* BannerTableViewCell.swift */,
				D9C79C8E2A6038BA002F6D62 /* BannerTableViewCell.xib */,
			);
			path = TableViewCells;
			sourceTree = "<group>";
		};
		D98988252A5FC99B00CB00BB /* InfoHome */ = {
			isa = PBXGroup;
			children = (
				D98988262A5FCA0100CB00BB /* InfoHomeResponse.swift */,
				D98988282A5FCC8F00CB00BB /* InfoHomeTargetType.swift */,
			);
			path = InfoHome;
			sourceTree = "<group>";
		};
/* End PBXGroup section */

/* Begin PBXNativeTarget section */
		D93602FC2A5E8528003B74A1 /* Buzzebees */ = {
			isa = PBXNativeTarget;
			buildConfigurationList = D93603272A5E852A003B74A1 /* Build configuration list for PBXNativeTarget "Buzzebees" */;
			buildPhases = (
				D6C084FE0BAE025B342CC92A /* [CP] Check Pods Manifest.lock */,
				D93602F92A5E8528003B74A1 /* Sources */,
				D93602FA2A5E8528003B74A1 /* Frameworks */,
				D93602FB2A5E8528003B74A1 /* Resources */,
				7CA85F1D018B81BBC5675B9A /* [CP] Embed Pods Frameworks */,
			);
			buildRules = (
			);
			dependencies = (
			);
			name = Buzzebees;
			productName = Buzzebees;
			productReference = D93602FD2A5E8528003B74A1 /* Buzzebees.app */;
			productType = "com.apple.product-type.application";
		};
		D93603122A5E852A003B74A1 /* BuzzebeesTests */ = {
			isa = PBXNativeTarget;
			buildConfigurationList = D936032A2A5E852A003B74A1 /* Build configuration list for PBXNativeTarget "BuzzebeesTests" */;
			buildPhases = (
				C3A4B82EF56F25A8E402E2B4 /* [CP] Check Pods Manifest.lock */,
				D936030F2A5E852A003B74A1 /* Sources */,
				D93603102A5E852A003B74A1 /* Frameworks */,
				D93603112A5E852A003B74A1 /* Resources */,
			);
			buildRules = (
			);
			dependencies = (
				D93603152A5E852A003B74A1 /* PBXTargetDependency */,
			);
			name = BuzzebeesTests;
			productName = BuzzebeesTests;
			productReference = D93603132A5E852A003B74A1 /* BuzzebeesTests.xctest */;
			productType = "com.apple.product-type.bundle.unit-test";
		};
		D936031C2A5E852A003B74A1 /* BuzzebeesUITests */ = {
			isa = PBXNativeTarget;
			buildConfigurationList = D936032D2A5E852A003B74A1 /* Build configuration list for PBXNativeTarget "BuzzebeesUITests" */;
			buildPhases = (
				A4580AC5FE859686D01954AA /* [CP] Check Pods Manifest.lock */,
				D93603192A5E852A003B74A1 /* Sources */,
				D936031A2A5E852A003B74A1 /* Frameworks */,
				D936031B2A5E852A003B74A1 /* Resources */,
				CEEBCC159DEEAC2FB1E0D259 /* [CP] Embed Pods Frameworks */,
			);
			buildRules = (
			);
			dependencies = (
				D936031F2A5E852A003B74A1 /* PBXTargetDependency */,
			);
			name = BuzzebeesUITests;
			productName = BuzzebeesUITests;
			productReference = D936031D2A5E852A003B74A1 /* BuzzebeesUITests.xctest */;
			productType = "com.apple.product-type.bundle.ui-testing";
		};
/* End PBXNativeTarget section */

/* Begin PBXProject section */
		D93602F52A5E8528003B74A1 /* Project object */ = {
			isa = PBXProject;
			attributes = {
				BuildIndependentTargetsInParallel = 1;
				LastSwiftUpdateCheck = 1430;
				LastUpgradeCheck = 1430;
				TargetAttributes = {
					D93602FC2A5E8528003B74A1 = {
						CreatedOnToolsVersion = 14.3.1;
					};
					D93603122A5E852A003B74A1 = {
						CreatedOnToolsVersion = 14.3.1;
						TestTargetID = D93602FC2A5E8528003B74A1;
					};
					D936031C2A5E852A003B74A1 = {
						CreatedOnToolsVersion = 14.3.1;
						TestTargetID = D93602FC2A5E8528003B74A1;
					};
				};
			};
			buildConfigurationList = D93602F82A5E8528003B74A1 /* Build configuration list for PBXProject "Buzzebees" */;
			compatibilityVersion = "Xcode 14.0";
			developmentRegion = en;
			hasScannedForEncodings = 0;
			knownRegions = (
				en,
				Base,
			);
			mainGroup = D93602F42A5E8528003B74A1;
			productRefGroup = D93602FE2A5E8528003B74A1 /* Products */;
			projectDirPath = "";
			projectRoot = "";
			targets = (
				D93602FC2A5E8528003B74A1 /* Buzzebees */,
				D93603122A5E852A003B74A1 /* BuzzebeesTests */,
				D936031C2A5E852A003B74A1 /* BuzzebeesUITests */,
			);
		};
/* End PBXProject section */

/* Begin PBXResourcesBuildPhase section */
		D93602FB2A5E8528003B74A1 /* Resources */ = {
			isa = PBXResourcesBuildPhase;
			buildActionMask = 2147483647;
			files = (
				D936030D2A5E852A003B74A1 /* LaunchScreen.storyboard in Resources */,
				D98988142A5FB86A00CB00BB /* NewsAndPromotionTableViewCell.xib in Resources */,
				D90F2A432A5EA70D0081DBA8 /* More.storyboard in Resources */,
				D9CDC9D92A5E9EE1006F9A63 /* MainTabBar.storyboard in Resources */,
				D9C79C902A6038BA002F6D62 /* BannerTableViewCell.xib in Resources */,
				D90F2A3F2A5EA6EC0081DBA8 /* Promotion.storyboard in Resources */,
				D9282D322A602B640053AAF1 /* PictureCollectionViewCell.xib in Resources */,
				D936030A2A5E852A003B74A1 /* Assets.xcassets in Resources */,
				D90F2A3B2A5EA6C20081DBA8 /* MyCoupon.storyboard in Resources */,
				D93603082A5E8528003B74A1 /* Main.storyboard in Resources */,
				D98988102A5FA96B00CB00BB /* SignInTableViewCell.xib in Resources */,
				D90F2A372A5EA6960081DBA8 /* Privileges.storyboard in Resources */,
				D936035A2A5E8DC8003B74A1 /* Home.storyboard in Resources */,
			);
			runOnlyForDeploymentPostprocessing = 0;
		};
		D93603112A5E852A003B74A1 /* Resources */ = {
			isa = PBXResourcesBuildPhase;
			buildActionMask = 2147483647;
			files = (
			);
			runOnlyForDeploymentPostprocessing = 0;
		};
		D936031B2A5E852A003B74A1 /* Resources */ = {
			isa = PBXResourcesBuildPhase;
			buildActionMask = 2147483647;
			files = (
			);
			runOnlyForDeploymentPostprocessing = 0;
		};
/* End PBXResourcesBuildPhase section */

/* Begin PBXShellScriptBuildPhase section */
		7CA85F1D018B81BBC5675B9A /* [CP] Embed Pods Frameworks */ = {
			isa = PBXShellScriptBuildPhase;
			buildActionMask = 2147483647;
			files = (
			);
			inputFileListPaths = (
				"${PODS_ROOT}/Target Support Files/Pods-Buzzebees/Pods-Buzzebees-frameworks-${CONFIGURATION}-input-files.xcfilelist",
			);
			name = "[CP] Embed Pods Frameworks";
			outputFileListPaths = (
				"${PODS_ROOT}/Target Support Files/Pods-Buzzebees/Pods-Buzzebees-frameworks-${CONFIGURATION}-output-files.xcfilelist",
			);
			runOnlyForDeploymentPostprocessing = 0;
			shellPath = /bin/sh;
			shellScript = "\"${PODS_ROOT}/Target Support Files/Pods-Buzzebees/Pods-Buzzebees-frameworks.sh\"\n";
			showEnvVarsInLog = 0;
		};
		A4580AC5FE859686D01954AA /* [CP] Check Pods Manifest.lock */ = {
			isa = PBXShellScriptBuildPhase;
			buildActionMask = 2147483647;
			files = (
			);
			inputFileListPaths = (
			);
			inputPaths = (
				"${PODS_PODFILE_DIR_PATH}/Podfile.lock",
				"${PODS_ROOT}/Manifest.lock",
			);
			name = "[CP] Check Pods Manifest.lock";
			outputFileListPaths = (
			);
			outputPaths = (
				"$(DERIVED_FILE_DIR)/Pods-Buzzebees-BuzzebeesUITests-checkManifestLockResult.txt",
			);
			runOnlyForDeploymentPostprocessing = 0;
			shellPath = /bin/sh;
			shellScript = "diff \"${PODS_PODFILE_DIR_PATH}/Podfile.lock\" \"${PODS_ROOT}/Manifest.lock\" > /dev/null\nif [ $? != 0 ] ; then\n    # print error to STDERR\n    echo \"error: The sandbox is not in sync with the Podfile.lock. Run 'pod install' or update your CocoaPods installation.\" >&2\n    exit 1\nfi\n# This output is used by Xcode 'outputs' to avoid re-running this script phase.\necho \"SUCCESS\" > \"${SCRIPT_OUTPUT_FILE_0}\"\n";
			showEnvVarsInLog = 0;
		};
		C3A4B82EF56F25A8E402E2B4 /* [CP] Check Pods Manifest.lock */ = {
			isa = PBXShellScriptBuildPhase;
			buildActionMask = 2147483647;
			files = (
			);
			inputFileListPaths = (
			);
			inputPaths = (
				"${PODS_PODFILE_DIR_PATH}/Podfile.lock",
				"${PODS_ROOT}/Manifest.lock",
			);
			name = "[CP] Check Pods Manifest.lock";
			outputFileListPaths = (
			);
			outputPaths = (
				"$(DERIVED_FILE_DIR)/Pods-BuzzebeesTests-checkManifestLockResult.txt",
			);
			runOnlyForDeploymentPostprocessing = 0;
			shellPath = /bin/sh;
			shellScript = "diff \"${PODS_PODFILE_DIR_PATH}/Podfile.lock\" \"${PODS_ROOT}/Manifest.lock\" > /dev/null\nif [ $? != 0 ] ; then\n    # print error to STDERR\n    echo \"error: The sandbox is not in sync with the Podfile.lock. Run 'pod install' or update your CocoaPods installation.\" >&2\n    exit 1\nfi\n# This output is used by Xcode 'outputs' to avoid re-running this script phase.\necho \"SUCCESS\" > \"${SCRIPT_OUTPUT_FILE_0}\"\n";
			showEnvVarsInLog = 0;
		};
		CEEBCC159DEEAC2FB1E0D259 /* [CP] Embed Pods Frameworks */ = {
			isa = PBXShellScriptBuildPhase;
			buildActionMask = 2147483647;
			files = (
			);
			inputFileListPaths = (
				"${PODS_ROOT}/Target Support Files/Pods-Buzzebees-BuzzebeesUITests/Pods-Buzzebees-BuzzebeesUITests-frameworks-${CONFIGURATION}-input-files.xcfilelist",
			);
			name = "[CP] Embed Pods Frameworks";
			outputFileListPaths = (
				"${PODS_ROOT}/Target Support Files/Pods-Buzzebees-BuzzebeesUITests/Pods-Buzzebees-BuzzebeesUITests-frameworks-${CONFIGURATION}-output-files.xcfilelist",
			);
			runOnlyForDeploymentPostprocessing = 0;
			shellPath = /bin/sh;
			shellScript = "\"${PODS_ROOT}/Target Support Files/Pods-Buzzebees-BuzzebeesUITests/Pods-Buzzebees-BuzzebeesUITests-frameworks.sh\"\n";
			showEnvVarsInLog = 0;
		};
		D6C084FE0BAE025B342CC92A /* [CP] Check Pods Manifest.lock */ = {
			isa = PBXShellScriptBuildPhase;
			buildActionMask = 2147483647;
			files = (
			);
			inputFileListPaths = (
			);
			inputPaths = (
				"${PODS_PODFILE_DIR_PATH}/Podfile.lock",
				"${PODS_ROOT}/Manifest.lock",
			);
			name = "[CP] Check Pods Manifest.lock";
			outputFileListPaths = (
			);
			outputPaths = (
				"$(DERIVED_FILE_DIR)/Pods-Buzzebees-checkManifestLockResult.txt",
			);
			runOnlyForDeploymentPostprocessing = 0;
			shellPath = /bin/sh;
			shellScript = "diff \"${PODS_PODFILE_DIR_PATH}/Podfile.lock\" \"${PODS_ROOT}/Manifest.lock\" > /dev/null\nif [ $? != 0 ] ; then\n    # print error to STDERR\n    echo \"error: The sandbox is not in sync with the Podfile.lock. Run 'pod install' or update your CocoaPods installation.\" >&2\n    exit 1\nfi\n# This output is used by Xcode 'outputs' to avoid re-running this script phase.\necho \"SUCCESS\" > \"${SCRIPT_OUTPUT_FILE_0}\"\n";
			showEnvVarsInLog = 0;
		};
/* End PBXShellScriptBuildPhase section */

/* Begin PBXSourcesBuildPhase section */
		D93602F92A5E8528003B74A1 /* Sources */ = {
			isa = PBXSourcesBuildPhase;
			buildActionMask = 2147483647;
			files = (
				D93603502A5E8D60003B74A1 /* TargetType.swift in Sources */,
				D936033D2A5E8D4E003B74A1 /* ViewExtension.swift in Sources */,
				D90F2A392A5EA6A90081DBA8 /* MyCouponViewController.swift in Sources */,
				D986CB022A5EF6AD008009AC /* HomeViewModel.swift in Sources */,
				D93603582A5E8DC1003B74A1 /* HomeViewController.swift in Sources */,
				D9C79C882A602D99002F6D62 /* UICollectionView+RegisterCell.swift in Sources */,
				D936033F2A5E8D4E003B74A1 /* UITableViewCell.swift in Sources */,
				D93603052A5E8528003B74A1 /* ViewController.swift in Sources */,
				D936035D2A5E92D5003B74A1 /* MainTabBarViewController.swift in Sources */,
				D93603012A5E8528003B74A1 /* AppDelegate.swift in Sources */,
				D936034F2A5E8D60003B74A1 /* ForecastData.swift in Sources */,
				D90F2A342A5EA67D0081DBA8 /* PrivilegesViewController.swift in Sources */,
				D936033C2A5E8D4E003B74A1 /* UIStackView.swift in Sources */,
				D936033B2A5E8D4E003B74A1 /* DateFormatComponent.swift in Sources */,
				D9282D312A602B640053AAF1 /* PictureCollectionViewCell.swift in Sources */,
				D9C79C8F2A6038BA002F6D62 /* BannerTableViewCell.swift in Sources */,
				D98988292A5FCC8F00CB00BB /* InfoHomeTargetType.swift in Sources */,
				D93603412A5E8D4E003B74A1 /* UIImageView.swift in Sources */,
				D93603032A5E8528003B74A1 /* SceneDelegate.swift in Sources */,
				D93603422A5E8D4E003B74A1 /* Generics.swift in Sources */,
				D93603432A5E8D4E003B74A1 /* UINavigationController.swift in Sources */,
				D93603512A5E8D60003B74A1 /* WaterTargetType.swift in Sources */,
				D93603522A5E8D60003B74A1 /* WeatherData.swift in Sources */,
				D936033E2A5E8D4E003B74A1 /* UITableView.swift in Sources */,
				D98988132A5FB86A00CB00BB /* NewsAndPromotionTableViewCell.swift in Sources */,
				D93603402A5E8D4E003B74A1 /* UIButton.swift in Sources */,
				D989880F2A5FA96B00CB00BB /* SignInTableViewCell.swift in Sources */,
				D98988272A5FCA0100CB00BB /* InfoHomeResponse.swift in Sources */,
				D90F2A412A5EA7000081DBA8 /* MoreViewController.swift in Sources */,
				D936034E2A5E8D60003B74A1 /* MoyaService.swift in Sources */,
				D90F2A3D2A5EA6DF0081DBA8 /* PromotionViewController.swift in Sources */,
			);
			runOnlyForDeploymentPostprocessing = 0;
		};
		D936030F2A5E852A003B74A1 /* Sources */ = {
			isa = PBXSourcesBuildPhase;
			buildActionMask = 2147483647;
			files = (
				D93603182A5E852A003B74A1 /* BuzzebeesTests.swift in Sources */,
			);
			runOnlyForDeploymentPostprocessing = 0;
		};
		D93603192A5E852A003B74A1 /* Sources */ = {
			isa = PBXSourcesBuildPhase;
			buildActionMask = 2147483647;
			files = (
				D93603242A5E852A003B74A1 /* BuzzebeesUITestsLaunchTests.swift in Sources */,
				D93603222A5E852A003B74A1 /* BuzzebeesUITests.swift in Sources */,
			);
			runOnlyForDeploymentPostprocessing = 0;
		};
/* End PBXSourcesBuildPhase section */

/* Begin PBXTargetDependency section */
		D93603152A5E852A003B74A1 /* PBXTargetDependency */ = {
			isa = PBXTargetDependency;
			target = D93602FC2A5E8528003B74A1 /* Buzzebees */;
			targetProxy = D93603142A5E852A003B74A1 /* PBXContainerItemProxy */;
		};
		D936031F2A5E852A003B74A1 /* PBXTargetDependency */ = {
			isa = PBXTargetDependency;
			target = D93602FC2A5E8528003B74A1 /* Buzzebees */;
			targetProxy = D936031E2A5E852A003B74A1 /* PBXContainerItemProxy */;
		};
/* End PBXTargetDependency section */

/* Begin PBXVariantGroup section */
		D93603062A5E8528003B74A1 /* Main.storyboard */ = {
			isa = PBXVariantGroup;
			children = (
				D93603072A5E8528003B74A1 /* Base */,
			);
			name = Main.storyboard;
			sourceTree = "<group>";
		};
		D936030B2A5E852A003B74A1 /* LaunchScreen.storyboard */ = {
			isa = PBXVariantGroup;
			children = (
				D936030C2A5E852A003B74A1 /* Base */,
			);
			name = LaunchScreen.storyboard;
			sourceTree = "<group>";
		};
/* End PBXVariantGroup section */

/* Begin XCBuildConfiguration section */
		D93603252A5E852A003B74A1 /* Debug */ = {
			isa = XCBuildConfiguration;
			buildSettings = {
				ALWAYS_SEARCH_USER_PATHS = NO;
				CLANG_ANALYZER_NONNULL = YES;
				CLANG_ANALYZER_NUMBER_OBJECT_CONVERSION = YES_AGGRESSIVE;
				CLANG_CXX_LANGUAGE_STANDARD = "gnu++20";
				CLANG_ENABLE_MODULES = YES;
				CLANG_ENABLE_OBJC_ARC = YES;
				CLANG_ENABLE_OBJC_WEAK = YES;
				CLANG_WARN_BLOCK_CAPTURE_AUTORELEASING = YES;
				CLANG_WARN_BOOL_CONVERSION = YES;
				CLANG_WARN_COMMA = YES;
				CLANG_WARN_CONSTANT_CONVERSION = YES;
				CLANG_WARN_DEPRECATED_OBJC_IMPLEMENTATIONS = YES;
				CLANG_WARN_DIRECT_OBJC_ISA_USAGE = YES_ERROR;
				CLANG_WARN_DOCUMENTATION_COMMENTS = YES;
				CLANG_WARN_EMPTY_BODY = YES;
				CLANG_WARN_ENUM_CONVERSION = YES;
				CLANG_WARN_INFINITE_RECURSION = YES;
				CLANG_WARN_INT_CONVERSION = YES;
				CLANG_WARN_NON_LITERAL_NULL_CONVERSION = YES;
				CLANG_WARN_OBJC_IMPLICIT_RETAIN_SELF = YES;
				CLANG_WARN_OBJC_LITERAL_CONVERSION = YES;
				CLANG_WARN_OBJC_ROOT_CLASS = YES_ERROR;
				CLANG_WARN_QUOTED_INCLUDE_IN_FRAMEWORK_HEADER = YES;
				CLANG_WARN_RANGE_LOOP_ANALYSIS = YES;
				CLANG_WARN_STRICT_PROTOTYPES = YES;
				CLANG_WARN_SUSPICIOUS_MOVE = YES;
				CLANG_WARN_UNGUARDED_AVAILABILITY = YES_AGGRESSIVE;
				CLANG_WARN_UNREACHABLE_CODE = YES;
				CLANG_WARN__DUPLICATE_METHOD_MATCH = YES;
				COPY_PHASE_STRIP = NO;
				DEBUG_INFORMATION_FORMAT = dwarf;
				ENABLE_STRICT_OBJC_MSGSEND = YES;
				ENABLE_TESTABILITY = YES;
				GCC_C_LANGUAGE_STANDARD = gnu11;
				GCC_DYNAMIC_NO_PIC = NO;
				GCC_NO_COMMON_BLOCKS = YES;
				GCC_OPTIMIZATION_LEVEL = 0;
				GCC_PREPROCESSOR_DEFINITIONS = (
					"DEBUG=1",
					"$(inherited)",
				);
				GCC_WARN_64_TO_32_BIT_CONVERSION = YES;
				GCC_WARN_ABOUT_RETURN_TYPE = YES_ERROR;
				GCC_WARN_UNDECLARED_SELECTOR = YES;
				GCC_WARN_UNINITIALIZED_AUTOS = YES_AGGRESSIVE;
				GCC_WARN_UNUSED_FUNCTION = YES;
				GCC_WARN_UNUSED_VARIABLE = YES;
				IPHONEOS_DEPLOYMENT_TARGET = 16.4;
				MTL_ENABLE_DEBUG_INFO = INCLUDE_SOURCE;
				MTL_FAST_MATH = YES;
				ONLY_ACTIVE_ARCH = YES;
				SDKROOT = iphoneos;
				SWIFT_ACTIVE_COMPILATION_CONDITIONS = DEBUG;
				SWIFT_OPTIMIZATION_LEVEL = "-Onone";
			};
			name = Debug;
		};
		D93603262A5E852A003B74A1 /* Release */ = {
			isa = XCBuildConfiguration;
			buildSettings = {
				ALWAYS_SEARCH_USER_PATHS = NO;
				CLANG_ANALYZER_NONNULL = YES;
				CLANG_ANALYZER_NUMBER_OBJECT_CONVERSION = YES_AGGRESSIVE;
				CLANG_CXX_LANGUAGE_STANDARD = "gnu++20";
				CLANG_ENABLE_MODULES = YES;
				CLANG_ENABLE_OBJC_ARC = YES;
				CLANG_ENABLE_OBJC_WEAK = YES;
				CLANG_WARN_BLOCK_CAPTURE_AUTORELEASING = YES;
				CLANG_WARN_BOOL_CONVERSION = YES;
				CLANG_WARN_COMMA = YES;
				CLANG_WARN_CONSTANT_CONVERSION = YES;
				CLANG_WARN_DEPRECATED_OBJC_IMPLEMENTATIONS = YES;
				CLANG_WARN_DIRECT_OBJC_ISA_USAGE = YES_ERROR;
				CLANG_WARN_DOCUMENTATION_COMMENTS = YES;
				CLANG_WARN_EMPTY_BODY = YES;
				CLANG_WARN_ENUM_CONVERSION = YES;
				CLANG_WARN_INFINITE_RECURSION = YES;
				CLANG_WARN_INT_CONVERSION = YES;
				CLANG_WARN_NON_LITERAL_NULL_CONVERSION = YES;
				CLANG_WARN_OBJC_IMPLICIT_RETAIN_SELF = YES;
				CLANG_WARN_OBJC_LITERAL_CONVERSION = YES;
				CLANG_WARN_OBJC_ROOT_CLASS = YES_ERROR;
				CLANG_WARN_QUOTED_INCLUDE_IN_FRAMEWORK_HEADER = YES;
				CLANG_WARN_RANGE_LOOP_ANALYSIS = YES;
				CLANG_WARN_STRICT_PROTOTYPES = YES;
				CLANG_WARN_SUSPICIOUS_MOVE = YES;
				CLANG_WARN_UNGUARDED_AVAILABILITY = YES_AGGRESSIVE;
				CLANG_WARN_UNREACHABLE_CODE = YES;
				CLANG_WARN__DUPLICATE_METHOD_MATCH = YES;
				COPY_PHASE_STRIP = NO;
				DEBUG_INFORMATION_FORMAT = "dwarf-with-dsym";
				ENABLE_NS_ASSERTIONS = NO;
				ENABLE_STRICT_OBJC_MSGSEND = YES;
				GCC_C_LANGUAGE_STANDARD = gnu11;
				GCC_NO_COMMON_BLOCKS = YES;
				GCC_WARN_64_TO_32_BIT_CONVERSION = YES;
				GCC_WARN_ABOUT_RETURN_TYPE = YES_ERROR;
				GCC_WARN_UNDECLARED_SELECTOR = YES;
				GCC_WARN_UNINITIALIZED_AUTOS = YES_AGGRESSIVE;
				GCC_WARN_UNUSED_FUNCTION = YES;
				GCC_WARN_UNUSED_VARIABLE = YES;
				IPHONEOS_DEPLOYMENT_TARGET = 16.4;
				MTL_ENABLE_DEBUG_INFO = NO;
				MTL_FAST_MATH = YES;
				SDKROOT = iphoneos;
				SWIFT_COMPILATION_MODE = wholemodule;
				SWIFT_OPTIMIZATION_LEVEL = "-O";
				VALIDATE_PRODUCT = YES;
			};
			name = Release;
		};
		D93603282A5E852A003B74A1 /* Debug */ = {
			isa = XCBuildConfiguration;
			baseConfigurationReference = 9AA92B8A11D89AEC34EFAB8D /* Pods-Buzzebees.debug.xcconfig */;
			buildSettings = {
				ASSETCATALOG_COMPILER_APPICON_NAME = AppIcon;
				ASSETCATALOG_COMPILER_GLOBAL_ACCENT_COLOR_NAME = AccentColor;
				CODE_SIGN_STYLE = Automatic;
				CURRENT_PROJECT_VERSION = 1;
				DEVELOPMENT_TEAM = S723YCT5MN;
				GENERATE_INFOPLIST_FILE = YES;
				INFOPLIST_FILE = Buzzebees/Info.plist;
				INFOPLIST_KEY_UIApplicationSupportsIndirectInputEvents = YES;
				INFOPLIST_KEY_UILaunchStoryboardName = LaunchScreen;
				INFOPLIST_KEY_UIMainStoryboardFile = Main;
				INFOPLIST_KEY_UISupportedInterfaceOrientations_iPad = "UIInterfaceOrientationPortrait UIInterfaceOrientationPortraitUpsideDown UIInterfaceOrientationLandscapeLeft UIInterfaceOrientationLandscapeRight";
				INFOPLIST_KEY_UISupportedInterfaceOrientations_iPhone = "UIInterfaceOrientationPortrait UIInterfaceOrientationLandscapeLeft UIInterfaceOrientationLandscapeRight";
				LD_RUNPATH_SEARCH_PATHS = (
					"$(inherited)",
					"@executable_path/Frameworks",
				);
				MARKETING_VERSION = 1.0;
				PRODUCT_BUNDLE_IDENTIFIER = yok.Buzzebees;
				PRODUCT_NAME = "$(TARGET_NAME)";
				SWIFT_EMIT_LOC_STRINGS = YES;
				SWIFT_VERSION = 5.0;
				TARGETED_DEVICE_FAMILY = "1,2";
			};
			name = Debug;
		};
		D93603292A5E852A003B74A1 /* Release */ = {
			isa = XCBuildConfiguration;
			baseConfigurationReference = 02F52B2EC0890C468AF28EB1 /* Pods-Buzzebees.release.xcconfig */;
			buildSettings = {
				ASSETCATALOG_COMPILER_APPICON_NAME = AppIcon;
				ASSETCATALOG_COMPILER_GLOBAL_ACCENT_COLOR_NAME = AccentColor;
				CODE_SIGN_STYLE = Automatic;
				CURRENT_PROJECT_VERSION = 1;
				DEVELOPMENT_TEAM = S723YCT5MN;
				GENERATE_INFOPLIST_FILE = YES;
				INFOPLIST_FILE = Buzzebees/Info.plist;
				INFOPLIST_KEY_UIApplicationSupportsIndirectInputEvents = YES;
				INFOPLIST_KEY_UILaunchStoryboardName = LaunchScreen;
				INFOPLIST_KEY_UIMainStoryboardFile = Main;
				INFOPLIST_KEY_UISupportedInterfaceOrientations_iPad = "UIInterfaceOrientationPortrait UIInterfaceOrientationPortraitUpsideDown UIInterfaceOrientationLandscapeLeft UIInterfaceOrientationLandscapeRight";
				INFOPLIST_KEY_UISupportedInterfaceOrientations_iPhone = "UIInterfaceOrientationPortrait UIInterfaceOrientationLandscapeLeft UIInterfaceOrientationLandscapeRight";
				LD_RUNPATH_SEARCH_PATHS = (
					"$(inherited)",
					"@executable_path/Frameworks",
				);
				MARKETING_VERSION = 1.0;
				PRODUCT_BUNDLE_IDENTIFIER = yok.Buzzebees;
				PRODUCT_NAME = "$(TARGET_NAME)";
				SWIFT_EMIT_LOC_STRINGS = YES;
				SWIFT_VERSION = 5.0;
				TARGETED_DEVICE_FAMILY = "1,2";
			};
			name = Release;
		};
		D936032B2A5E852A003B74A1 /* Debug */ = {
			isa = XCBuildConfiguration;
			baseConfigurationReference = 0413D31C67BC6617F5E4A8C1 /* Pods-BuzzebeesTests.debug.xcconfig */;
			buildSettings = {
				ALWAYS_EMBED_SWIFT_STANDARD_LIBRARIES = YES;
				BUNDLE_LOADER = "$(TEST_HOST)";
				CODE_SIGN_STYLE = Automatic;
				CURRENT_PROJECT_VERSION = 1;
				DEVELOPMENT_TEAM = S723YCT5MN;
				GENERATE_INFOPLIST_FILE = YES;
				IPHONEOS_DEPLOYMENT_TARGET = 16.4;
				MARKETING_VERSION = 1.0;
				PRODUCT_BUNDLE_IDENTIFIER = yok.BuzzebeesTests;
				PRODUCT_NAME = "$(TARGET_NAME)";
				SWIFT_EMIT_LOC_STRINGS = NO;
				SWIFT_VERSION = 5.0;
				TARGETED_DEVICE_FAMILY = "1,2";
				TEST_HOST = "$(BUILT_PRODUCTS_DIR)/Buzzebees.app/$(BUNDLE_EXECUTABLE_FOLDER_PATH)/Buzzebees";
			};
			name = Debug;
		};
		D936032C2A5E852A003B74A1 /* Release */ = {
			isa = XCBuildConfiguration;
			baseConfigurationReference = 0169FE427C790FB8FA55C0E1 /* Pods-BuzzebeesTests.release.xcconfig */;
			buildSettings = {
				ALWAYS_EMBED_SWIFT_STANDARD_LIBRARIES = YES;
				BUNDLE_LOADER = "$(TEST_HOST)";
				CODE_SIGN_STYLE = Automatic;
				CURRENT_PROJECT_VERSION = 1;
				DEVELOPMENT_TEAM = S723YCT5MN;
				GENERATE_INFOPLIST_FILE = YES;
				IPHONEOS_DEPLOYMENT_TARGET = 16.4;
				MARKETING_VERSION = 1.0;
				PRODUCT_BUNDLE_IDENTIFIER = yok.BuzzebeesTests;
				PRODUCT_NAME = "$(TARGET_NAME)";
				SWIFT_EMIT_LOC_STRINGS = NO;
				SWIFT_VERSION = 5.0;
				TARGETED_DEVICE_FAMILY = "1,2";
				TEST_HOST = "$(BUILT_PRODUCTS_DIR)/Buzzebees.app/$(BUNDLE_EXECUTABLE_FOLDER_PATH)/Buzzebees";
			};
			name = Release;
		};
		D936032E2A5E852A003B74A1 /* Debug */ = {
			isa = XCBuildConfiguration;
			baseConfigurationReference = 4A19B59FBD272B9FC36F505C /* Pods-Buzzebees-BuzzebeesUITests.debug.xcconfig */;
			buildSettings = {
				ALWAYS_EMBED_SWIFT_STANDARD_LIBRARIES = YES;
				CODE_SIGN_STYLE = Automatic;
				CURRENT_PROJECT_VERSION = 1;
				DEVELOPMENT_TEAM = S723YCT5MN;
				GENERATE_INFOPLIST_FILE = YES;
				MARKETING_VERSION = 1.0;
				PRODUCT_BUNDLE_IDENTIFIER = yok.BuzzebeesUITests;
				PRODUCT_NAME = "$(TARGET_NAME)";
				SWIFT_EMIT_LOC_STRINGS = NO;
				SWIFT_VERSION = 5.0;
				TARGETED_DEVICE_FAMILY = "1,2";
				TEST_TARGET_NAME = Buzzebees;
			};
			name = Debug;
		};
		D936032F2A5E852A003B74A1 /* Release */ = {
			isa = XCBuildConfiguration;
			baseConfigurationReference = 442F700EFAF28C3CE013CF8B /* Pods-Buzzebees-BuzzebeesUITests.release.xcconfig */;
			buildSettings = {
				ALWAYS_EMBED_SWIFT_STANDARD_LIBRARIES = YES;
				CODE_SIGN_STYLE = Automatic;
				CURRENT_PROJECT_VERSION = 1;
				DEVELOPMENT_TEAM = S723YCT5MN;
				GENERATE_INFOPLIST_FILE = YES;
				MARKETING_VERSION = 1.0;
				PRODUCT_BUNDLE_IDENTIFIER = yok.BuzzebeesUITests;
				PRODUCT_NAME = "$(TARGET_NAME)";
				SWIFT_EMIT_LOC_STRINGS = NO;
				SWIFT_VERSION = 5.0;
				TARGETED_DEVICE_FAMILY = "1,2";
				TEST_TARGET_NAME = Buzzebees;
			};
			name = Release;
		};
/* End XCBuildConfiguration section */

/* Begin XCConfigurationList section */
		D93602F82A5E8528003B74A1 /* Build configuration list for PBXProject "Buzzebees" */ = {
			isa = XCConfigurationList;
			buildConfigurations = (
				D93603252A5E852A003B74A1 /* Debug */,
				D93603262A5E852A003B74A1 /* Release */,
			);
			defaultConfigurationIsVisible = 0;
			defaultConfigurationName = Release;
		};
		D93603272A5E852A003B74A1 /* Build configuration list for PBXNativeTarget "Buzzebees" */ = {
			isa = XCConfigurationList;
			buildConfigurations = (
				D93603282A5E852A003B74A1 /* Debug */,
				D93603292A5E852A003B74A1 /* Release */,
			);
			defaultConfigurationIsVisible = 0;
			defaultConfigurationName = Release;
		};
		D936032A2A5E852A003B74A1 /* Build configuration list for PBXNativeTarget "BuzzebeesTests" */ = {
			isa = XCConfigurationList;
			buildConfigurations = (
				D936032B2A5E852A003B74A1 /* Debug */,
				D936032C2A5E852A003B74A1 /* Release */,
			);
			defaultConfigurationIsVisible = 0;
			defaultConfigurationName = Release;
		};
		D936032D2A5E852A003B74A1 /* Build configuration list for PBXNativeTarget "BuzzebeesUITests" */ = {
			isa = XCConfigurationList;
			buildConfigurations = (
				D936032E2A5E852A003B74A1 /* Debug */,
				D936032F2A5E852A003B74A1 /* Release */,
			);
			defaultConfigurationIsVisible = 0;
			defaultConfigurationName = Release;
		};
/* End XCConfigurationList section */
	};
	rootObject = D93602F52A5E8528003B74A1 /* Project object */;
}
